
Microsoft Visual Studio Solution File, Format Version 12.00
# Visual Studio Version 17
VisualStudioVersion = 17.5.33530.505
MinimumVisualStudioVersion = 10.0.40219.1
Project("{9A19103F-16F7-4668-BE54-9A1E7A4F7556}") = "CityPlannerPharaoh", "CityPlannerPharaoh\CityPlannerPharaoh.csproj", "{FEE160ED-E49D-40A6-A80C-72AD9800D197}"
EndProject
Project("{2150E333-8FDC-42A3-9474-1A3956D46DE8}") = "Solution Items", "Solution Items", "{8CEF4BFB-8F93-44C6-957D-0D8BFEE9DDA5}"
	ProjectSection(SolutionItems) = preProject
		README.md = README.md
	EndProjectSection
EndProject
Project("{FAE04EC0-301F-11D3-BF4B-00C04F79EFBC}") = "CityPlannerPharaohTests", "CityPlannerPharaohTests\CityPlannerPharaohTests.csproj", "{5C74B645-AF99-4107-85A8-C52593793C87}"
EndProject
Global
	GlobalSection(SolutionConfigurationPlatforms) = preSolution
		Debug|Any CPU = Debug|Any CPU
		Release|Any CPU = Release|Any CPU
	EndGlobalSection
	GlobalSection(ProjectConfigurationPlatforms) = postSolution
		{FEE160ED-E49D-40A6-A80C-72AD9800D197}.Debug|Any CPU.ActiveCfg = Debug|Any CPU
		{FEE160ED-E49D-40A6-A80C-72AD9800D197}.Debug|Any CPU.Build.0 = Debug|Any CPU
		{FEE160ED-E49D-40A6-A80C-72AD9800D197}.Release|Any CPU.ActiveCfg = Release|Any CPU
		{FEE160ED-E49D-40A6-A80C-72AD9800D197}.Release|Any CPU.Build.0 = Release|Any CPU
		{5C74B645-AF99-4107-85A8-C52593793C87}.Debug|Any CPU.ActiveCfg = Debug|Any CPU
		{5C74B645-AF99-4107-85A8-C52593793C87}.Debug|Any CPU.Build.0 = Debug|Any CPU
		{5C74B645-AF99-4107-85A8-C52593793C87}.Release|Any CPU.ActiveCfg = Release|Any CPU
		{5C74B645-AF99-4107-85A8-C52593793C87}.Release|Any CPU.Build.0 = Release|Any CPU
	EndGlobalSection
	GlobalSection(SolutionProperties) = preSolution
		HideSolutionNode = FALSE
	EndGlobalSection
	GlobalSection(ExtensibilityGlobals) = postSolution
		SolutionGuid = {19D63533-22F8-4A37-A32E-BD585B81590C}
	EndGlobalSection
EndGlobal
